// !$*UTF8*$!
{
	archiveVersion = 1;
	classes = {
	};
	objectVersion = 55;
	objects = {

/* Begin PBXBuildFile section */
		DB11CD3A289DA3AB000DB136 /* Kamigawa_Forge_02_1.txt in Resources */ = {isa = PBXBuildFile; fileRef = DB11CD39289DA3AB000DB136 /* Kamigawa_Forge_02_1.txt */; };
		DBC7324028972458006834B1 /* MTG_SingleplayerApp.swift in Sources */ = {isa = PBXBuildFile; fileRef = DBC7323F28972458006834B1 /* MTG_SingleplayerApp.swift */; };
		DBC732442897245A006834B1 /* Assets.xcassets in Resources */ = {isa = PBXBuildFile; fileRef = DBC732432897245A006834B1 /* Assets.xcassets */; };
		DBC732472897245A006834B1 /* Preview Assets.xcassets in Resources */ = {isa = PBXBuildFile; fileRef = DBC732462897245A006834B1 /* Preview Assets.xcassets */; };
		DBC7324E28972478006834B1 /* Card+Deck.swift in Sources */ = {isa = PBXBuildFile; fileRef = DBC7324D28972478006834B1 /* Card+Deck.swift */; };
		DBC7325028972487006834B1 /* DownloadManager.swift in Sources */ = {isa = PBXBuildFile; fileRef = DBC7324F28972487006834B1 /* DownloadManager.swift */; };
		DBC732522897D577006834B1 /* GameViewModel.swift in Sources */ = {isa = PBXBuildFile; fileRef = DBC732512897D577006834B1 /* GameViewModel.swift */; };
		DBC732542897E05F006834B1 /* GameView.swift in Sources */ = {isa = PBXBuildFile; fileRef = DBC732532897E05F006834B1 /* GameView.swift */; };
		DBC732582897F391006834B1 /* Extensions.swift in Sources */ = {isa = PBXBuildFile; fileRef = DBC732572897F391006834B1 /* Extensions.swift */; };
		DBC7325A2897F469006834B1 /* DeckManager.swift in Sources */ = {isa = PBXBuildFile; fileRef = DBC732592897F469006834B1 /* DeckManager.swift */; };
		DBC7325C2897F91A006834B1 /* Kamigawa_Forge_01_1.txt in Resources */ = {isa = PBXBuildFile; fileRef = DBC7325B2897F91A006834B1 /* Kamigawa_Forge_01_1.txt */; };
		DBC7325F289857DB006834B1 /* GameView_Extensions.swift in Sources */ = {isa = PBXBuildFile; fileRef = DBC7325E289857DB006834B1 /* GameView_Extensions.swift */; };
		DBC7326128994EBD006834B1 /* LifePointsView.swift in Sources */ = {isa = PBXBuildFile; fileRef = DBC7326028994EBD006834B1 /* LifePointsView.swift */; };
		DBC732642899A97B006834B1 /* EncounterView.swift in Sources */ = {isa = PBXBuildFile; fileRef = DBC732632899A97B006834B1 /* EncounterView.swift */; };
		DBC732662899B668006834B1 /* Encounters.swift in Sources */ = {isa = PBXBuildFile; fileRef = DBC732652899B668006834B1 /* Encounters.swift */; };
		DBC732682899BA29006834B1 /* Decks.swift in Sources */ = {isa = PBXBuildFile; fileRef = DBC732672899BA29006834B1 /* Decks.swift */; };
		DBC7326A2899BAF8006834B1 /* AdventureViewModel.swift in Sources */ = {isa = PBXBuildFile; fileRef = DBC732692899BAF8006834B1 /* AdventureViewModel.swift */; };
		DBC7326C2899BEFE006834B1 /* AdventureView.swift in Sources */ = {isa = PBXBuildFile; fileRef = DBC7326B2899BEFE006834B1 /* AdventureView.swift */; };
		DBE027E7289ECB8300F8F483 /* Kamigawa_Shrine_1.txt in Resources */ = {isa = PBXBuildFile; fileRef = DBE027E6289ECB8300F8F483 /* Kamigawa_Shrine_1.txt */; };
		DBE027E9289EEFB900F8F483 /* Extensions_Class.swift in Sources */ = {isa = PBXBuildFile; fileRef = DBE027E8289EEFB900F8F483 /* Extensions_Class.swift */; };
		DBE027EB289FF0A600F8F483 /* Kamigawa_Imperial_01_1.txt in Resources */ = {isa = PBXBuildFile; fileRef = DBE027EA289FF0A600F8F483 /* Kamigawa_Imperial_01_1.txt */; };
		DBE027ED289FF0C100F8F483 /* Kamigawa_Imperial_02_1.txt in Resources */ = {isa = PBXBuildFile; fileRef = DBE027EC289FF0C100F8F483 /* Kamigawa_Imperial_02_1.txt */; };
		DBE027EF289FF0D500F8F483 /* Kamigawa_Invader_02_1.txt in Resources */ = {isa = PBXBuildFile; fileRef = DBE027EE289FF0D500F8F483 /* Kamigawa_Invader_02_1.txt */; };
		DBE027F1289FF0DE00F8F483 /* Kamigawa_Invader_01_1.txt in Resources */ = {isa = PBXBuildFile; fileRef = DBE027F0289FF0DE00F8F483 /* Kamigawa_Invader_01_1.txt */; };
		DBE027F328A04EE500F8F483 /* Kamigawa_BG_1.txt in Resources */ = {isa = PBXBuildFile; fileRef = DBE027F228A04EE400F8F483 /* Kamigawa_BG_1.txt */; };
		DBE027F528A04EFE00F8F483 /* Blank.txt in Resources */ = {isa = PBXBuildFile; fileRef = DBE027F428A04EFE00F8F483 /* Blank.txt */; };
/* End PBXBuildFile section */

/* Begin PBXFileReference section */
		DB11CD39289DA3AB000DB136 /* Kamigawa_Forge_02_1.txt */ = {isa = PBXFileReference; lastKnownFileType = text; path = Kamigawa_Forge_02_1.txt; sourceTree = "<group>"; };
		DBC7323C28972458006834B1 /* MTG Singleplayer.app */ = {isa = PBXFileReference; explicitFileType = wrapper.application; includeInIndex = 0; path = "MTG Singleplayer.app"; sourceTree = BUILT_PRODUCTS_DIR; };
		DBC7323F28972458006834B1 /* MTG_SingleplayerApp.swift */ = {isa = PBXFileReference; lastKnownFileType = sourcecode.swift; path = MTG_SingleplayerApp.swift; sourceTree = "<group>"; };
		DBC732432897245A006834B1 /* Assets.xcassets */ = {isa = PBXFileReference; lastKnownFileType = folder.assetcatalog; path = Assets.xcassets; sourceTree = "<group>"; };
		DBC732462897245A006834B1 /* Preview Assets.xcassets */ = {isa = PBXFileReference; lastKnownFileType = folder.assetcatalog; path = "Preview Assets.xcassets"; sourceTree = "<group>"; };
		DBC7324D28972478006834B1 /* Card+Deck.swift */ = {isa = PBXFileReference; lastKnownFileType = sourcecode.swift; path = "Card+Deck.swift"; sourceTree = "<group>"; };
		DBC7324F28972487006834B1 /* DownloadManager.swift */ = {isa = PBXFileReference; lastKnownFileType = sourcecode.swift; path = DownloadManager.swift; sourceTree = "<group>"; };
		DBC732512897D577006834B1 /* GameViewModel.swift */ = {isa = PBXFileReference; lastKnownFileType = sourcecode.swift; path = GameViewModel.swift; sourceTree = "<group>"; };
		DBC732532897E05F006834B1 /* GameView.swift */ = {isa = PBXFileReference; lastKnownFileType = sourcecode.swift; path = GameView.swift; sourceTree = "<group>"; };
		DBC732572897F391006834B1 /* Extensions.swift */ = {isa = PBXFileReference; lastKnownFileType = sourcecode.swift; path = Extensions.swift; sourceTree = "<group>"; };
		DBC732592897F469006834B1 /* DeckManager.swift */ = {isa = PBXFileReference; lastKnownFileType = sourcecode.swift; path = DeckManager.swift; sourceTree = "<group>"; };
		DBC7325B2897F91A006834B1 /* Kamigawa_Forge_01_1.txt */ = {isa = PBXFileReference; lastKnownFileType = text; path = Kamigawa_Forge_01_1.txt; sourceTree = "<group>"; };
		DBC7325E289857DB006834B1 /* GameView_Extensions.swift */ = {isa = PBXFileReference; lastKnownFileType = sourcecode.swift; path = GameView_Extensions.swift; sourceTree = "<group>"; };
		DBC7326028994EBD006834B1 /* LifePointsView.swift */ = {isa = PBXFileReference; lastKnownFileType = sourcecode.swift; path = LifePointsView.swift; sourceTree = "<group>"; };
		DBC732632899A97B006834B1 /* EncounterView.swift */ = {isa = PBXFileReference; lastKnownFileType = sourcecode.swift; path = EncounterView.swift; sourceTree = "<group>"; };
		DBC732652899B668006834B1 /* Encounters.swift */ = {isa = PBXFileReference; lastKnownFileType = sourcecode.swift; path = Encounters.swift; sourceTree = "<group>"; };
		DBC732672899BA29006834B1 /* Decks.swift */ = {isa = PBXFileReference; lastKnownFileType = sourcecode.swift; path = Decks.swift; sourceTree = "<group>"; };
		DBC732692899BAF8006834B1 /* AdventureViewModel.swift */ = {isa = PBXFileReference; lastKnownFileType = sourcecode.swift; path = AdventureViewModel.swift; sourceTree = "<group>"; };
		DBC7326B2899BEFE006834B1 /* AdventureView.swift */ = {isa = PBXFileReference; lastKnownFileType = sourcecode.swift; path = AdventureView.swift; sourceTree = "<group>"; };
		DBE027E6289ECB8300F8F483 /* Kamigawa_Shrine_1.txt */ = {isa = PBXFileReference; lastKnownFileType = text; path = Kamigawa_Shrine_1.txt; sourceTree = "<group>"; };
		DBE027E8289EEFB900F8F483 /* Extensions_Class.swift */ = {isa = PBXFileReference; lastKnownFileType = sourcecode.swift; path = Extensions_Class.swift; sourceTree = "<group>"; };
		DBE027EA289FF0A600F8F483 /* Kamigawa_Imperial_01_1.txt */ = {isa = PBXFileReference; lastKnownFileType = text; path = Kamigawa_Imperial_01_1.txt; sourceTree = "<group>"; };
		DBE027EC289FF0C100F8F483 /* Kamigawa_Imperial_02_1.txt */ = {isa = PBXFileReference; lastKnownFileType = text; path = Kamigawa_Imperial_02_1.txt; sourceTree = "<group>"; };
		DBE027EE289FF0D500F8F483 /* Kamigawa_Invader_02_1.txt */ = {isa = PBXFileReference; lastKnownFileType = text; path = Kamigawa_Invader_02_1.txt; sourceTree = "<group>"; };
		DBE027F0289FF0DE00F8F483 /* Kamigawa_Invader_01_1.txt */ = {isa = PBXFileReference; lastKnownFileType = text; path = Kamigawa_Invader_01_1.txt; sourceTree = "<group>"; };
		DBE027F228A04EE400F8F483 /* Kamigawa_BG_1.txt */ = {isa = PBXFileReference; lastKnownFileType = text; path = Kamigawa_BG_1.txt; sourceTree = "<group>"; };
		DBE027F428A04EFE00F8F483 /* Blank.txt */ = {isa = PBXFileReference; lastKnownFileType = text; path = Blank.txt; sourceTree = "<group>"; };
/* End PBXFileReference section */

/* Begin PBXFrameworksBuildPhase section */
		DBC7323928972458006834B1 /* Frameworks */ = {
			isa = PBXFrameworksBuildPhase;
			buildActionMask = 2147483647;
			files = (
			);
			runOnlyForDeploymentPostprocessing = 0;
		};
/* End PBXFrameworksBuildPhase section */

/* Begin PBXGroup section */
		DBC7323328972458006834B1 = {
			isa = PBXGroup;
			children = (
				DBC7323E28972458006834B1 /* MTG Singleplayer */,
				DBC7323D28972458006834B1 /* Products */,
			);
			sourceTree = "<group>";
		};
		DBC7323D28972458006834B1 /* Products */ = {
			isa = PBXGroup;
			children = (
				DBC7323C28972458006834B1 /* MTG Singleplayer.app */,
			);
			name = Products;
			sourceTree = "<group>";
		};
		DBC7323E28972458006834B1 /* MTG Singleplayer */ = {
			isa = PBXGroup;
			children = (
				DBC732622899A969006834B1 /* Planes */,
				DBC7325D2897F996006834B1 /* GameView */,
				DBC732552897E087006834B1 /* Decks */,
				DBC7323F28972458006834B1 /* MTG_SingleplayerApp.swift */,
				DBC732432897245A006834B1 /* Assets.xcassets */,
				DBC732452897245A006834B1 /* Preview Content */,
				DBC7324D28972478006834B1 /* Card+Deck.swift */,
				DBC7324F28972487006834B1 /* DownloadManager.swift */,
				DBC732572897F391006834B1 /* Extensions.swift */,
				DBC732592897F469006834B1 /* DeckManager.swift */,
				DBE027E8289EEFB900F8F483 /* Extensions_Class.swift */,
			);
			path = "MTG Singleplayer";
			sourceTree = "<group>";
		};
		DBC732452897245A006834B1 /* Preview Content */ = {
			isa = PBXGroup;
			children = (
				DBC732462897245A006834B1 /* Preview Assets.xcassets */,
			);
			path = "Preview Content";
			sourceTree = "<group>";
		};
		DBC732552897E087006834B1 /* Decks */ = {
			isa = PBXGroup;
			children = (
				DBE027F428A04EFE00F8F483 /* Blank.txt */,
				DBC732562897E08F006834B1 /* Kamigawa */,
			);
			path = Decks;
			sourceTree = "<group>";
		};
		DBC732562897E08F006834B1 /* Kamigawa */ = {
			isa = PBXGroup;
			children = (
				DBC7325B2897F91A006834B1 /* Kamigawa_Forge_01_1.txt */,
				DB11CD39289DA3AB000DB136 /* Kamigawa_Forge_02_1.txt */,
				DBE027E6289ECB8300F8F483 /* Kamigawa_Shrine_1.txt */,
				DBE027EA289FF0A600F8F483 /* Kamigawa_Imperial_01_1.txt */,
				DBE027EC289FF0C100F8F483 /* Kamigawa_Imperial_02_1.txt */,
				DBE027EE289FF0D500F8F483 /* Kamigawa_Invader_02_1.txt */,
				DBE027F0289FF0DE00F8F483 /* Kamigawa_Invader_01_1.txt */,
				DBE027F228A04EE400F8F483 /* Kamigawa_BG_1.txt */,
			);
			path = Kamigawa;
			sourceTree = "<group>";
		};
		DBC7325D2897F996006834B1 /* GameView */ = {
			isa = PBXGroup;
			children = (
				DBC732512897D577006834B1 /* GameViewModel.swift */,
				DBC732532897E05F006834B1 /* GameView.swift */,
				DBC7325E289857DB006834B1 /* GameView_Extensions.swift */,
				DBC7326028994EBD006834B1 /* LifePointsView.swift */,
			);
			path = GameView;
			sourceTree = "<group>";
		};
		DBC732622899A969006834B1 /* Planes */ = {
			isa = PBXGroup;
			children = (
				DBC732632899A97B006834B1 /* EncounterView.swift */,
				DBC732652899B668006834B1 /* Encounters.swift */,
				DBC732672899BA29006834B1 /* Decks.swift */,
				DBC732692899BAF8006834B1 /* AdventureViewModel.swift */,
				DBC7326B2899BEFE006834B1 /* AdventureView.swift */,
			);
			path = Planes;
			sourceTree = "<group>";
		};
/* End PBXGroup section */

/* Begin PBXNativeTarget section */
		DBC7323B28972458006834B1 /* MTG Singleplayer */ = {
			isa = PBXNativeTarget;
			buildConfigurationList = DBC7324A2897245A006834B1 /* Build configuration list for PBXNativeTarget "MTG Singleplayer" */;
			buildPhases = (
				DBC7323828972458006834B1 /* Sources */,
				DBC7323928972458006834B1 /* Frameworks */,
				DBC7323A28972458006834B1 /* Resources */,
			);
			buildRules = (
			);
			dependencies = (
			);
			name = "MTG Singleplayer";
			productName = "MTG Singleplayer";
			productReference = DBC7323C28972458006834B1 /* MTG Singleplayer.app */;
			productType = "com.apple.product-type.application";
		};
/* End PBXNativeTarget section */

/* Begin PBXProject section */
		DBC7323428972458006834B1 /* Project object */ = {
			isa = PBXProject;
			attributes = {
				BuildIndependentTargetsInParallel = 1;
				LastSwiftUpdateCheck = 1340;
				LastUpgradeCheck = 1340;
				TargetAttributes = {
					DBC7323B28972458006834B1 = {
						CreatedOnToolsVersion = 13.4.1;
					};
				};
			};
			buildConfigurationList = DBC7323728972458006834B1 /* Build configuration list for PBXProject "MTG Singleplayer" */;
			compatibilityVersion = "Xcode 13.0";
			developmentRegion = en;
			hasScannedForEncodings = 0;
			knownRegions = (
				en,
				Base,
			);
			mainGroup = DBC7323328972458006834B1;
			productRefGroup = DBC7323D28972458006834B1 /* Products */;
			projectDirPath = "";
			projectRoot = "";
			targets = (
				DBC7323B28972458006834B1 /* MTG Singleplayer */,
			);
		};
/* End PBXProject section */

/* Begin PBXResourcesBuildPhase section */
		DBC7323A28972458006834B1 /* Resources */ = {
			isa = PBXResourcesBuildPhase;
			buildActionMask = 2147483647;
			files = (
				DBE027EB289FF0A600F8F483 /* Kamigawa_Imperial_01_1.txt in Resources */,
				DBE027F328A04EE500F8F483 /* Kamigawa_BG_1.txt in Resources */,
				DBC7325C2897F91A006834B1 /* Kamigawa_Forge_01_1.txt in Resources */,
				DBE027EF289FF0D500F8F483 /* Kamigawa_Invader_02_1.txt in Resources */,
				DBE027F528A04EFE00F8F483 /* Blank.txt in Resources */,
				DBE027F1289FF0DE00F8F483 /* Kamigawa_Invader_01_1.txt in Resources */,
				DBE027ED289FF0C100F8F483 /* Kamigawa_Imperial_02_1.txt in Resources */,
				DBE027E7289ECB8300F8F483 /* Kamigawa_Shrine_1.txt in Resources */,
				DB11CD3A289DA3AB000DB136 /* Kamigawa_Forge_02_1.txt in Resources */,
				DBC732472897245A006834B1 /* Preview Assets.xcassets in Resources */,
				DBC732442897245A006834B1 /* Assets.xcassets in Resources */,
			);
			runOnlyForDeploymentPostprocessing = 0;
		};
/* End PBXResourcesBuildPhase section */

/* Begin PBXSourcesBuildPhase section */
		DBC7323828972458006834B1 /* Sources */ = {
			isa = PBXSourcesBuildPhase;
			buildActionMask = 2147483647;
			files = (
				DBC7325F289857DB006834B1 /* GameView_Extensions.swift in Sources */,
				DBE027E9289EEFB900F8F483 /* Extensions_Class.swift in Sources */,
				DBC732662899B668006834B1 /* Encounters.swift in Sources */,
				DBC7324E28972478006834B1 /* Card+Deck.swift in Sources */,
				DBC7326A2899BAF8006834B1 /* AdventureViewModel.swift in Sources */,
				DBC7324028972458006834B1 /* MTG_SingleplayerApp.swift in Sources */,
				DBC732642899A97B006834B1 /* EncounterView.swift in Sources */,
				DBC732522897D577006834B1 /* GameViewModel.swift in Sources */,
				DBC7326C2899BEFE006834B1 /* AdventureView.swift in Sources */,
				DBC732542897E05F006834B1 /* GameView.swift in Sources */,
				DBC7325028972487006834B1 /* DownloadManager.swift in Sources */,
				DBC732682899BA29006834B1 /* Decks.swift in Sources */,
				DBC7326128994EBD006834B1 /* LifePointsView.swift in Sources */,
				DBC7325A2897F469006834B1 /* DeckManager.swift in Sources */,
				DBC732582897F391006834B1 /* Extensions.swift in Sources */,
			);
			runOnlyForDeploymentPostprocessing = 0;
		};
/* End PBXSourcesBuildPhase section */

/* Begin XCBuildConfiguration section */
		DBC732482897245A006834B1 /* Debug */ = {
			isa = XCBuildConfiguration;
			buildSettings = {
				ALWAYS_SEARCH_USER_PATHS = NO;
				CLANG_ANALYZER_NONNULL = YES;
				CLANG_ANALYZER_NUMBER_OBJECT_CONVERSION = YES_AGGRESSIVE;
				CLANG_CXX_LANGUAGE_STANDARD = "gnu++17";
				CLANG_ENABLE_MODULES = YES;
				CLANG_ENABLE_OBJC_ARC = YES;
				CLANG_ENABLE_OBJC_WEAK = YES;
				CLANG_WARN_BLOCK_CAPTURE_AUTORELEASING = YES;
				CLANG_WARN_BOOL_CONVERSION = YES;
				CLANG_WARN_COMMA = YES;
				CLANG_WARN_CONSTANT_CONVERSION = YES;
				CLANG_WARN_DEPRECATED_OBJC_IMPLEMENTATIONS = YES;
				CLANG_WARN_DIRECT_OBJC_ISA_USAGE = YES_ERROR;
				CLANG_WARN_DOCUMENTATION_COMMENTS = YES;
				CLANG_WARN_EMPTY_BODY = YES;
				CLANG_WARN_ENUM_CONVERSION = YES;
				CLANG_WARN_INFINITE_RECURSION = YES;
				CLANG_WARN_INT_CONVERSION = YES;
				CLANG_WARN_NON_LITERAL_NULL_CONVERSION = YES;
				CLANG_WARN_OBJC_IMPLICIT_RETAIN_SELF = YES;
				CLANG_WARN_OBJC_LITERAL_CONVERSION = YES;
				CLANG_WARN_OBJC_ROOT_CLASS = YES_ERROR;
				CLANG_WARN_QUOTED_INCLUDE_IN_FRAMEWORK_HEADER = YES;
				CLANG_WARN_RANGE_LOOP_ANALYSIS = YES;
				CLANG_WARN_STRICT_PROTOTYPES = YES;
				CLANG_WARN_SUSPICIOUS_MOVE = YES;
				CLANG_WARN_UNGUARDED_AVAILABILITY = YES_AGGRESSIVE;
				CLANG_WARN_UNREACHABLE_CODE = YES;
				CLANG_WARN__DUPLICATE_METHOD_MATCH = YES;
				COPY_PHASE_STRIP = NO;
				DEBUG_INFORMATION_FORMAT = dwarf;
				ENABLE_STRICT_OBJC_MSGSEND = YES;
				ENABLE_TESTABILITY = YES;
				GCC_C_LANGUAGE_STANDARD = gnu11;
				GCC_DYNAMIC_NO_PIC = NO;
				GCC_NO_COMMON_BLOCKS = YES;
				GCC_OPTIMIZATION_LEVEL = 0;
				GCC_PREPROCESSOR_DEFINITIONS = (
					"DEBUG=1",
					"$(inherited)",
				);
				GCC_WARN_64_TO_32_BIT_CONVERSION = YES;
				GCC_WARN_ABOUT_RETURN_TYPE = YES_ERROR;
				GCC_WARN_UNDECLARED_SELECTOR = YES;
				GCC_WARN_UNINITIALIZED_AUTOS = YES_AGGRESSIVE;
				GCC_WARN_UNUSED_FUNCTION = YES;
				GCC_WARN_UNUSED_VARIABLE = YES;
				IPHONEOS_DEPLOYMENT_TARGET = 14.0;
				MTL_ENABLE_DEBUG_INFO = INCLUDE_SOURCE;
				MTL_FAST_MATH = YES;
				ONLY_ACTIVE_ARCH = YES;
				SDKROOT = iphoneos;
				SWIFT_ACTIVE_COMPILATION_CONDITIONS = DEBUG;
				SWIFT_OPTIMIZATION_LEVEL = "-Onone";
			};
			name = Debug;
		};
		DBC732492897245A006834B1 /* Release */ = {
			isa = XCBuildConfiguration;
			buildSettings = {
				ALWAYS_SEARCH_USER_PATHS = NO;
				CLANG_ANALYZER_NONNULL = YES;
				CLANG_ANALYZER_NUMBER_OBJECT_CONVERSION = YES_AGGRESSIVE;
				CLANG_CXX_LANGUAGE_STANDARD = "gnu++17";
				CLANG_ENABLE_MODULES = YES;
				CLANG_ENABLE_OBJC_ARC = YES;
				CLANG_ENABLE_OBJC_WEAK = YES;
				CLANG_WARN_BLOCK_CAPTURE_AUTORELEASING = YES;
				CLANG_WARN_BOOL_CONVERSION = YES;
				CLANG_WARN_COMMA = YES;
				CLANG_WARN_CONSTANT_CONVERSION = YES;
				CLANG_WARN_DEPRECATED_OBJC_IMPLEMENTATIONS = YES;
				CLANG_WARN_DIRECT_OBJC_ISA_USAGE = YES_ERROR;
				CLANG_WARN_DOCUMENTATION_COMMENTS = YES;
				CLANG_WARN_EMPTY_BODY = YES;
				CLANG_WARN_ENUM_CONVERSION = YES;
				CLANG_WARN_INFINITE_RECURSION = YES;
				CLANG_WARN_INT_CONVERSION = YES;
				CLANG_WARN_NON_LITERAL_NULL_CONVERSION = YES;
				CLANG_WARN_OBJC_IMPLICIT_RETAIN_SELF = YES;
				CLANG_WARN_OBJC_LITERAL_CONVERSION = YES;
				CLANG_WARN_OBJC_ROOT_CLASS = YES_ERROR;
				CLANG_WARN_QUOTED_INCLUDE_IN_FRAMEWORK_HEADER = YES;
				CLANG_WARN_RANGE_LOOP_ANALYSIS = YES;
				CLANG_WARN_STRICT_PROTOTYPES = YES;
				CLANG_WARN_SUSPICIOUS_MOVE = YES;
				CLANG_WARN_UNGUARDED_AVAILABILITY = YES_AGGRESSIVE;
				CLANG_WARN_UNREACHABLE_CODE = YES;
				CLANG_WARN__DUPLICATE_METHOD_MATCH = YES;
				COPY_PHASE_STRIP = NO;
				DEBUG_INFORMATION_FORMAT = "dwarf-with-dsym";
				ENABLE_NS_ASSERTIONS = NO;
				ENABLE_STRICT_OBJC_MSGSEND = YES;
				GCC_C_LANGUAGE_STANDARD = gnu11;
				GCC_NO_COMMON_BLOCKS = YES;
				GCC_WARN_64_TO_32_BIT_CONVERSION = YES;
				GCC_WARN_ABOUT_RETURN_TYPE = YES_ERROR;
				GCC_WARN_UNDECLARED_SELECTOR = YES;
				GCC_WARN_UNINITIALIZED_AUTOS = YES_AGGRESSIVE;
				GCC_WARN_UNUSED_FUNCTION = YES;
				GCC_WARN_UNUSED_VARIABLE = YES;
				IPHONEOS_DEPLOYMENT_TARGET = 14.0;
				MTL_ENABLE_DEBUG_INFO = NO;
				MTL_FAST_MATH = YES;
				SDKROOT = iphoneos;
				SWIFT_COMPILATION_MODE = wholemodule;
				SWIFT_OPTIMIZATION_LEVEL = "-O";
				VALIDATE_PRODUCT = YES;
			};
			name = Release;
		};
		DBC7324B2897245A006834B1 /* Debug */ = {
			isa = XCBuildConfiguration;
			buildSettings = {
				ASSETCATALOG_COMPILER_APPICON_NAME = AppIcon;
				ASSETCATALOG_COMPILER_GLOBAL_ACCENT_COLOR_NAME = AccentColor;
				CODE_SIGN_STYLE = Automatic;
				CURRENT_PROJECT_VERSION = 1;
				DEVELOPMENT_ASSET_PATHS = "\"MTG Singleplayer/Preview Content\"";
				DEVELOPMENT_TEAM = LXUS44RH3Q;
				ENABLE_PREVIEWS = YES;
				GENERATE_INFOPLIST_FILE = YES;
				INFOPLIST_KEY_UIApplicationSceneManifest_Generation = YES;
				INFOPLIST_KEY_UIApplicationSupportsIndirectInputEvents = YES;
				INFOPLIST_KEY_UILaunchScreen_Generation = YES;
				INFOPLIST_KEY_UISupportedInterfaceOrientations_iPad = "UIInterfaceOrientationPortrait UIInterfaceOrientationPortraitUpsideDown UIInterfaceOrientationLandscapeLeft UIInterfaceOrientationLandscapeRight";
				INFOPLIST_KEY_UISupportedInterfaceOrientations_iPhone = "UIInterfaceOrientationPortrait UIInterfaceOrientationLandscapeLeft UIInterfaceOrientationLandscapeRight";
				LD_RUNPATH_SEARCH_PATHS = (
					"$(inherited)",
					"@executable_path/Frameworks",
				);
				MARKETING_VERSION = 1.0;
				PRODUCT_BUNDLE_IDENTIFIER = "Loic.MTG-Singleplayer";
				PRODUCT_NAME = "$(TARGET_NAME)";
				SWIFT_EMIT_LOC_STRINGS = YES;
				SWIFT_VERSION = 5.0;
				TARGETED_DEVICE_FAMILY = "1,2";
			};
			name = Debug;
		};
		DBC7324C2897245A006834B1 /* Release */ = {
			isa = XCBuildConfiguration;
			buildSettings = {
				ASSETCATALOG_COMPILER_APPICON_NAME = AppIcon;
				ASSETCATALOG_COMPILER_GLOBAL_ACCENT_COLOR_NAME = AccentColor;
				CODE_SIGN_STYLE = Automatic;
				CURRENT_PROJECT_VERSION = 1;
				DEVELOPMENT_ASSET_PATHS = "\"MTG Singleplayer/Preview Content\"";
				DEVELOPMENT_TEAM = LXUS44RH3Q;
				ENABLE_PREVIEWS = YES;
				GENERATE_INFOPLIST_FILE = YES;
				INFOPLIST_KEY_UIApplicationSceneManifest_Generation = YES;
				INFOPLIST_KEY_UIApplicationSupportsIndirectInputEvents = YES;
				INFOPLIST_KEY_UILaunchScreen_Generation = YES;
				INFOPLIST_KEY_UISupportedInterfaceOrientations_iPad = "UIInterfaceOrientationPortrait UIInterfaceOrientationPortraitUpsideDown UIInterfaceOrientationLandscapeLeft UIInterfaceOrientationLandscapeRight";
				INFOPLIST_KEY_UISupportedInterfaceOrientations_iPhone = "UIInterfaceOrientationPortrait UIInterfaceOrientationLandscapeLeft UIInterfaceOrientationLandscapeRight";
				LD_RUNPATH_SEARCH_PATHS = (
					"$(inherited)",
					"@executable_path/Frameworks",
				);
				MARKETING_VERSION = 1.0;
				PRODUCT_BUNDLE_IDENTIFIER = "Loic.MTG-Singleplayer";
				PRODUCT_NAME = "$(TARGET_NAME)";
				SWIFT_EMIT_LOC_STRINGS = YES;
				SWIFT_VERSION = 5.0;
				TARGETED_DEVICE_FAMILY = "1,2";
			};
			name = Release;
		};
/* End XCBuildConfiguration section */

/* Begin XCConfigurationList section */
		DBC7323728972458006834B1 /* Build configuration list for PBXProject "MTG Singleplayer" */ = {
			isa = XCConfigurationList;
			buildConfigurations = (
				DBC732482897245A006834B1 /* Debug */,
				DBC732492897245A006834B1 /* Release */,
			);
			defaultConfigurationIsVisible = 0;
			defaultConfigurationName = Release;
		};
		DBC7324A2897245A006834B1 /* Build configuration list for PBXNativeTarget "MTG Singleplayer" */ = {
			isa = XCConfigurationList;
			buildConfigurations = (
				DBC7324B2897245A006834B1 /* Debug */,
				DBC7324C2897245A006834B1 /* Release */,
			);
			defaultConfigurationIsVisible = 0;
			defaultConfigurationName = Release;
		};
/* End XCConfigurationList section */
	};
	rootObject = DBC7323428972458006834B1 /* Project object */;
}
